// !$*UTF8*$!
{
	archiveVersion = 1;
	classes = {
	};
	objectVersion = 56;
	objects = {

/* Begin PBXBuildFile section */
		9EFC8FF82C210BA8004DB3C2 /* deepressionApp.swift in Sources */ = {isa = PBXBuildFile; fileRef = 9EFC8FF72C210BA8004DB3C2 /* deepressionApp.swift */; };
		9EFC8FFA2C210BA8004DB3C2 /* ContentView.swift in Sources */ = {isa = PBXBuildFile; fileRef = 9EFC8FF92C210BA8004DB3C2 /* ContentView.swift */; };
		9EFC8FFC2C210BAA004DB3C2 /* Assets.xcassets in Resources */ = {isa = PBXBuildFile; fileRef = 9EFC8FFB2C210BAA004DB3C2 /* Assets.xcassets */; };
		9EFC8FFF2C210BAA004DB3C2 /* Preview Assets.xcassets in Resources */ = {isa = PBXBuildFile; fileRef = 9EFC8FFE2C210BAA004DB3C2 /* Preview Assets.xcassets */; };
		9EFC90062C2121B5004DB3C2 /* LocationManager.swift in Sources */ = {isa = PBXBuildFile; fileRef = 9EFC90052C2121B5004DB3C2 /* LocationManager.swift */; };
		9EFC900A2C216143004DB3C2 /* FBRealtimeDatabaseManager.swift in Sources */ = {isa = PBXBuildFile; fileRef = 9EFC90092C216143004DB3C2 /* FBRealtimeDatabaseManager.swift */; };
		9EFC900D2C216168004DB3C2 /* User.swift in Sources */ = {isa = PBXBuildFile; fileRef = 9EFC900C2C216168004DB3C2 /* User.swift */; };
		9EFC900F2C2161AF004DB3C2 /* GoogleService-Info.plist in Resources */ = {isa = PBXBuildFile; fileRef = 9EFC900E2C2161AF004DB3C2 /* GoogleService-Info.plist */; };
		9EFC90122C21621E004DB3C2 /* FirebaseAnalytics in Frameworks */ = {isa = PBXBuildFile; productRef = 9EFC90112C21621E004DB3C2 /* FirebaseAnalytics */; };
		9EFC90142C21621E004DB3C2 /* FirebaseAuth in Frameworks */ = {isa = PBXBuildFile; productRef = 9EFC90132C21621E004DB3C2 /* FirebaseAuth */; };
		9EFC90162C21621E004DB3C2 /* FirebaseDatabase in Frameworks */ = {isa = PBXBuildFile; productRef = 9EFC90152C21621E004DB3C2 /* FirebaseDatabase */; };
		9EFC90192C216527004DB3C2 /* LoginView.swift in Sources */ = {isa = PBXBuildFile; fileRef = 9EFC90182C216527004DB3C2 /* LoginView.swift */; };
		9EFC901B2C216535004DB3C2 /* RegisterView.swift in Sources */ = {isa = PBXBuildFile; fileRef = 9EFC901A2C216535004DB3C2 /* RegisterView.swift */; };
		9EFC901D2C216679004DB3C2 /* AuthManager.swift in Sources */ = {isa = PBXBuildFile; fileRef = 9EFC901C2C216679004DB3C2 /* AuthManager.swift */; };
		9EFC901F2C216C1D004DB3C2 /* CollectUserGPSView.swift in Sources */ = {isa = PBXBuildFile; fileRef = 9EFC901E2C216C1D004DB3C2 /* CollectUserGPSView.swift */; };
		9EFC90212C216F28004DB3C2 /* UserManager.swift in Sources */ = {isa = PBXBuildFile; fileRef = 9EFC90202C216F28004DB3C2 /* UserManager.swift */; };
		9EFC90232C217692004DB3C2 /* DateFormatter.swift in Sources */ = {isa = PBXBuildFile; fileRef = 9EFC90222C217692004DB3C2 /* DateFormatter.swift */; };
		9EFC90512C23E53B004DB3C2 /* NetworkManager.swift in Sources */ = {isa = PBXBuildFile; fileRef = 9EFC90502C23E53B004DB3C2 /* NetworkManager.swift */; };
/* End PBXBuildFile section */

/* Begin PBXFileReference section */
		9EFC8FF42C210BA8004DB3C2 /* deepression.app */ = {isa = PBXFileReference; explicitFileType = wrapper.application; includeInIndex = 0; path = deepression.app; sourceTree = BUILT_PRODUCTS_DIR; };
		9EFC8FF72C210BA8004DB3C2 /* deepressionApp.swift */ = {isa = PBXFileReference; lastKnownFileType = sourcecode.swift; path = deepressionApp.swift; sourceTree = "<group>"; };
		9EFC8FF92C210BA8004DB3C2 /* ContentView.swift */ = {isa = PBXFileReference; lastKnownFileType = sourcecode.swift; path = ContentView.swift; sourceTree = "<group>"; };
		9EFC8FFB2C210BAA004DB3C2 /* Assets.xcassets */ = {isa = PBXFileReference; lastKnownFileType = folder.assetcatalog; path = Assets.xcassets; sourceTree = "<group>"; };
		9EFC8FFE2C210BAA004DB3C2 /* Preview Assets.xcassets */ = {isa = PBXFileReference; lastKnownFileType = folder.assetcatalog; path = "Preview Assets.xcassets"; sourceTree = "<group>"; };
		9EFC90052C2121B5004DB3C2 /* LocationManager.swift */ = {isa = PBXFileReference; lastKnownFileType = sourcecode.swift; path = LocationManager.swift; sourceTree = "<group>"; };
		9EFC90072C2128E2004DB3C2 /* Info.plist */ = {isa = PBXFileReference; lastKnownFileType = text.plist; path = Info.plist; sourceTree = "<group>"; };
		9EFC90092C216143004DB3C2 /* FBRealtimeDatabaseManager.swift */ = {isa = PBXFileReference; lastKnownFileType = sourcecode.swift; path = FBRealtimeDatabaseManager.swift; sourceTree = "<group>"; };
		9EFC900C2C216168004DB3C2 /* User.swift */ = {isa = PBXFileReference; lastKnownFileType = sourcecode.swift; path = User.swift; sourceTree = "<group>"; };
		9EFC900E2C2161AF004DB3C2 /* GoogleService-Info.plist */ = {isa = PBXFileReference; fileEncoding = 4; lastKnownFileType = text.plist.xml; path = "GoogleService-Info.plist"; sourceTree = "<group>"; };
		9EFC90182C216527004DB3C2 /* LoginView.swift */ = {isa = PBXFileReference; lastKnownFileType = sourcecode.swift; path = LoginView.swift; sourceTree = "<group>"; };
		9EFC901A2C216535004DB3C2 /* RegisterView.swift */ = {isa = PBXFileReference; lastKnownFileType = sourcecode.swift; path = RegisterView.swift; sourceTree = "<group>"; };
		9EFC901C2C216679004DB3C2 /* AuthManager.swift */ = {isa = PBXFileReference; lastKnownFileType = sourcecode.swift; path = AuthManager.swift; sourceTree = "<group>"; };
		9EFC901E2C216C1D004DB3C2 /* CollectUserGPSView.swift */ = {isa = PBXFileReference; lastKnownFileType = sourcecode.swift; path = CollectUserGPSView.swift; sourceTree = "<group>"; };
		9EFC90202C216F28004DB3C2 /* UserManager.swift */ = {isa = PBXFileReference; lastKnownFileType = sourcecode.swift; path = UserManager.swift; sourceTree = "<group>"; };
		9EFC90222C217692004DB3C2 /* DateFormatter.swift */ = {isa = PBXFileReference; lastKnownFileType = sourcecode.swift; path = DateFormatter.swift; sourceTree = "<group>"; };
		9EFC90502C23E53B004DB3C2 /* NetworkManager.swift */ = {isa = PBXFileReference; lastKnownFileType = sourcecode.swift; path = NetworkManager.swift; sourceTree = "<group>"; };
/* End PBXFileReference section */

/* Begin PBXFrameworksBuildPhase section */
		9EFC8FF12C210BA8004DB3C2 /* Frameworks */ = {
			isa = PBXFrameworksBuildPhase;
			buildActionMask = 2147483647;
			files = (
				9EFC90162C21621E004DB3C2 /* FirebaseDatabase in Frameworks */,
				9EFC90122C21621E004DB3C2 /* FirebaseAnalytics in Frameworks */,
				9EFC90142C21621E004DB3C2 /* FirebaseAuth in Frameworks */,
			);
			runOnlyForDeploymentPostprocessing = 0;
		};
/* End PBXFrameworksBuildPhase section */

/* Begin PBXGroup section */
		9EFC8FEB2C210BA8004DB3C2 = {
			isa = PBXGroup;
			children = (
				9EFC8FF62C210BA8004DB3C2 /* deepression */,
				9EFC8FF52C210BA8004DB3C2 /* Products */,
			);
			sourceTree = "<group>";
		};
		9EFC8FF52C210BA8004DB3C2 /* Products */ = {
			isa = PBXGroup;
			children = (
				9EFC8FF42C210BA8004DB3C2 /* deepression.app */,
			);
			name = Products;
			sourceTree = "<group>";
		};
		9EFC8FF62C210BA8004DB3C2 /* deepression */ = {
			isa = PBXGroup;
			children = (
				9EFC8FF72C210BA8004DB3C2 /* deepressionApp.swift */,
				9EFC900B2C21615E004DB3C2 /* Model */,
				9EFC90172C21623D004DB3C2 /* View */,
				9EFC90082C21612F004DB3C2 /* Manager */,
				9EFC90072C2128E2004DB3C2 /* Info.plist */,
				9EFC900E2C2161AF004DB3C2 /* GoogleService-Info.plist */,
				9EFC8FFB2C210BAA004DB3C2 /* Assets.xcassets */,
				9EFC8FFD2C210BAA004DB3C2 /* Preview Content */,
			);
			path = deepression;
			sourceTree = "<group>";
		};
		9EFC8FFD2C210BAA004DB3C2 /* Preview Content */ = {
			isa = PBXGroup;
			children = (
				9EFC8FFE2C210BAA004DB3C2 /* Preview Assets.xcassets */,
			);
			path = "Preview Content";
			sourceTree = "<group>";
		};
		9EFC90082C21612F004DB3C2 /* Manager */ = {
			isa = PBXGroup;
			children = (
				9EFC90502C23E53B004DB3C2 /* NetworkManager.swift */,
				9EFC90052C2121B5004DB3C2 /* LocationManager.swift */,
				9EFC90092C216143004DB3C2 /* FBRealtimeDatabaseManager.swift */,
				9EFC901C2C216679004DB3C2 /* AuthManager.swift */,
				9EFC90202C216F28004DB3C2 /* UserManager.swift */,
			);
			path = Manager;
			sourceTree = "<group>";
		};
		9EFC900B2C21615E004DB3C2 /* Model */ = {
			isa = PBXGroup;
			children = (
				9EFC900C2C216168004DB3C2 /* User.swift */,
				9EFC90222C217692004DB3C2 /* DateFormatter.swift */,
			);
			path = Model;
			sourceTree = "<group>";
		};
		9EFC90172C21623D004DB3C2 /* View */ = {
			isa = PBXGroup;
			children = (
				9EFC8FF92C210BA8004DB3C2 /* ContentView.swift */,
				9EFC90182C216527004DB3C2 /* LoginView.swift */,
				9EFC901A2C216535004DB3C2 /* RegisterView.swift */,
				9EFC901E2C216C1D004DB3C2 /* CollectUserGPSView.swift */,
			);
			path = View;
			sourceTree = "<group>";
		};
/* End PBXGroup section */

/* Begin PBXNativeTarget section */
		9EFC8FF32C210BA8004DB3C2 /* deepression */ = {
			isa = PBXNativeTarget;
			buildConfigurationList = 9EFC90022C210BAA004DB3C2 /* Build configuration list for PBXNativeTarget "deepression" */;
			buildPhases = (
				9EFC8FF02C210BA8004DB3C2 /* Sources */,
				9EFC8FF12C210BA8004DB3C2 /* Frameworks */,
				9EFC8FF22C210BA8004DB3C2 /* Resources */,
			);
			buildRules = (
			);
			dependencies = (
			);
			name = deepression;
			packageProductDependencies = (
				9EFC90112C21621E004DB3C2 /* FirebaseAnalytics */,
				9EFC90132C21621E004DB3C2 /* FirebaseAuth */,
				9EFC90152C21621E004DB3C2 /* FirebaseDatabase */,
			);
			productName = deepression;
			productReference = 9EFC8FF42C210BA8004DB3C2 /* deepression.app */;
			productType = "com.apple.product-type.application";
		};
/* End PBXNativeTarget section */

/* Begin PBXProject section */
		9EFC8FEC2C210BA8004DB3C2 /* Project object */ = {
			isa = PBXProject;
			attributes = {
				BuildIndependentTargetsInParallel = 1;
				LastSwiftUpdateCheck = 1540;
				LastUpgradeCheck = 1540;
				TargetAttributes = {
					9EFC8FF32C210BA8004DB3C2 = {
						CreatedOnToolsVersion = 15.4;
					};
				};
			};
			buildConfigurationList = 9EFC8FEF2C210BA8004DB3C2 /* Build configuration list for PBXProject "deepression" */;
			compatibilityVersion = "Xcode 14.0";
			developmentRegion = en;
			hasScannedForEncodings = 0;
			knownRegions = (
				en,
				Base,
			);
			mainGroup = 9EFC8FEB2C210BA8004DB3C2;
			packageReferences = (
				9EFC90102C21621E004DB3C2 /* XCRemoteSwiftPackageReference "firebase-ios-sdk" */,
			);
			productRefGroup = 9EFC8FF52C210BA8004DB3C2 /* Products */;
			projectDirPath = "";
			projectRoot = "";
			targets = (
				9EFC8FF32C210BA8004DB3C2 /* deepression */,
			);
		};
/* End PBXProject section */

/* Begin PBXResourcesBuildPhase section */
		9EFC8FF22C210BA8004DB3C2 /* Resources */ = {
			isa = PBXResourcesBuildPhase;
			buildActionMask = 2147483647;
			files = (
				9EFC8FFF2C210BAA004DB3C2 /* Preview Assets.xcassets in Resources */,
				9EFC900F2C2161AF004DB3C2 /* GoogleService-Info.plist in Resources */,
				9EFC8FFC2C210BAA004DB3C2 /* Assets.xcassets in Resources */,
			);
			runOnlyForDeploymentPostprocessing = 0;
		};
/* End PBXResourcesBuildPhase section */

/* Begin PBXSourcesBuildPhase section */
		9EFC8FF02C210BA8004DB3C2 /* Sources */ = {
			isa = PBXSourcesBuildPhase;
			buildActionMask = 2147483647;
			files = (
				9EFC90512C23E53B004DB3C2 /* NetworkManager.swift in Sources */,
				9EFC90192C216527004DB3C2 /* LoginView.swift in Sources */,
				9EFC901D2C216679004DB3C2 /* AuthManager.swift in Sources */,
				9EFC8FFA2C210BA8004DB3C2 /* ContentView.swift in Sources */,
				9EFC900A2C216143004DB3C2 /* FBRealtimeDatabaseManager.swift in Sources */,
				9EFC901B2C216535004DB3C2 /* RegisterView.swift in Sources */,
				9EFC90232C217692004DB3C2 /* DateFormatter.swift in Sources */,
				9EFC8FF82C210BA8004DB3C2 /* deepressionApp.swift in Sources */,
				9EFC900D2C216168004DB3C2 /* User.swift in Sources */,
				9EFC90062C2121B5004DB3C2 /* LocationManager.swift in Sources */,
				9EFC90212C216F28004DB3C2 /* UserManager.swift in Sources */,
				9EFC901F2C216C1D004DB3C2 /* CollectUserGPSView.swift in Sources */,
			);
			runOnlyForDeploymentPostprocessing = 0;
		};
/* End PBXSourcesBuildPhase section */

/* Begin XCBuildConfiguration section */
		9EFC90002C210BAA004DB3C2 /* Debug */ = {
			isa = XCBuildConfiguration;
			buildSettings = {
				ALWAYS_SEARCH_USER_PATHS = NO;
				ASSETCATALOG_COMPILER_GENERATE_SWIFT_ASSET_SYMBOL_EXTENSIONS = YES;
				CLANG_ANALYZER_NONNULL = YES;
				CLANG_ANALYZER_NUMBER_OBJECT_CONVERSION = YES_AGGRESSIVE;
				CLANG_CXX_LANGUAGE_STANDARD = "gnu++20";
				CLANG_ENABLE_MODULES = YES;
				CLANG_ENABLE_OBJC_ARC = YES;
				CLANG_ENABLE_OBJC_WEAK = YES;
				CLANG_WARN_BLOCK_CAPTURE_AUTORELEASING = YES;
				CLANG_WARN_BOOL_CONVERSION = YES;
				CLANG_WARN_COMMA = YES;
				CLANG_WARN_CONSTANT_CONVERSION = YES;
				CLANG_WARN_DEPRECATED_OBJC_IMPLEMENTATIONS = YES;
				CLANG_WARN_DIRECT_OBJC_ISA_USAGE = YES_ERROR;
				CLANG_WARN_DOCUMENTATION_COMMENTS = YES;
				CLANG_WARN_EMPTY_BODY = YES;
				CLANG_WARN_ENUM_CONVERSION = YES;
				CLANG_WARN_INFINITE_RECURSION = YES;
				CLANG_WARN_INT_CONVERSION = YES;
				CLANG_WARN_NON_LITERAL_NULL_CONVERSION = YES;
				CLANG_WARN_OBJC_IMPLICIT_RETAIN_SELF = YES;
				CLANG_WARN_OBJC_LITERAL_CONVERSION = YES;
				CLANG_WARN_OBJC_ROOT_CLASS = YES_ERROR;
				CLANG_WARN_QUOTED_INCLUDE_IN_FRAMEWORK_HEADER = YES;
				CLANG_WARN_RANGE_LOOP_ANALYSIS = YES;
				CLANG_WARN_STRICT_PROTOTYPES = YES;
				CLANG_WARN_SUSPICIOUS_MOVE = YES;
				CLANG_WARN_UNGUARDED_AVAILABILITY = YES_AGGRESSIVE;
				CLANG_WARN_UNREACHABLE_CODE = YES;
				CLANG_WARN__DUPLICATE_METHOD_MATCH = YES;
				COPY_PHASE_STRIP = NO;
				DEBUG_INFORMATION_FORMAT = dwarf;
				ENABLE_STRICT_OBJC_MSGSEND = YES;
				ENABLE_TESTABILITY = YES;
				ENABLE_USER_SCRIPT_SANDBOXING = YES;
				GCC_C_LANGUAGE_STANDARD = gnu17;
				GCC_DYNAMIC_NO_PIC = NO;
				GCC_NO_COMMON_BLOCKS = YES;
				GCC_OPTIMIZATION_LEVEL = 0;
				GCC_PREPROCESSOR_DEFINITIONS = (
					"DEBUG=1",
					"$(inherited)",
				);
				GCC_WARN_64_TO_32_BIT_CONVERSION = YES;
				GCC_WARN_ABOUT_RETURN_TYPE = YES_ERROR;
				GCC_WARN_UNDECLARED_SELECTOR = YES;
				GCC_WARN_UNINITIALIZED_AUTOS = YES_AGGRESSIVE;
				GCC_WARN_UNUSED_FUNCTION = YES;
				GCC_WARN_UNUSED_VARIABLE = YES;
				IPHONEOS_DEPLOYMENT_TARGET = 17.5;
				LOCALIZATION_PREFERS_STRING_CATALOGS = YES;
				MTL_ENABLE_DEBUG_INFO = INCLUDE_SOURCE;
				MTL_FAST_MATH = YES;
				ONLY_ACTIVE_ARCH = YES;
				SDKROOT = iphoneos;
				SWIFT_ACTIVE_COMPILATION_CONDITIONS = "DEBUG $(inherited)";
				SWIFT_OPTIMIZATION_LEVEL = "-Onone";
			};
			name = Debug;
		};
		9EFC90012C210BAA004DB3C2 /* Release */ = {
			isa = XCBuildConfiguration;
			buildSettings = {
				ALWAYS_SEARCH_USER_PATHS = NO;
				ASSETCATALOG_COMPILER_GENERATE_SWIFT_ASSET_SYMBOL_EXTENSIONS = YES;
				CLANG_ANALYZER_NONNULL = YES;
				CLANG_ANALYZER_NUMBER_OBJECT_CONVERSION = YES_AGGRESSIVE;
				CLANG_CXX_LANGUAGE_STANDARD = "gnu++20";
				CLANG_ENABLE_MODULES = YES;
				CLANG_ENABLE_OBJC_ARC = YES;
				CLANG_ENABLE_OBJC_WEAK = YES;
				CLANG_WARN_BLOCK_CAPTURE_AUTORELEASING = YES;
				CLANG_WARN_BOOL_CONVERSION = YES;
				CLANG_WARN_COMMA = YES;
				CLANG_WARN_CONSTANT_CONVERSION = YES;
				CLANG_WARN_DEPRECATED_OBJC_IMPLEMENTATIONS = YES;
				CLANG_WARN_DIRECT_OBJC_ISA_USAGE = YES_ERROR;
				CLANG_WARN_DOCUMENTATION_COMMENTS = YES;
				CLANG_WARN_EMPTY_BODY = YES;
				CLANG_WARN_ENUM_CONVERSION = YES;
				CLANG_WARN_INFINITE_RECURSION = YES;
				CLANG_WARN_INT_CONVERSION = YES;
				CLANG_WARN_NON_LITERAL_NULL_CONVERSION = YES;
				CLANG_WARN_OBJC_IMPLICIT_RETAIN_SELF = YES;
				CLANG_WARN_OBJC_LITERAL_CONVERSION = YES;
				CLANG_WARN_OBJC_ROOT_CLASS = YES_ERROR;
				CLANG_WARN_QUOTED_INCLUDE_IN_FRAMEWORK_HEADER = YES;
				CLANG_WARN_RANGE_LOOP_ANALYSIS = YES;
				CLANG_WARN_STRICT_PROTOTYPES = YES;
				CLANG_WARN_SUSPICIOUS_MOVE = YES;
				CLANG_WARN_UNGUARDED_AVAILABILITY = YES_AGGRESSIVE;
				CLANG_WARN_UNREACHABLE_CODE = YES;
				CLANG_WARN__DUPLICATE_METHOD_MATCH = YES;
				COPY_PHASE_STRIP = NO;
				DEBUG_INFORMATION_FORMAT = "dwarf-with-dsym";
				ENABLE_NS_ASSERTIONS = NO;
				ENABLE_STRICT_OBJC_MSGSEND = YES;
				ENABLE_USER_SCRIPT_SANDBOXING = YES;
				GCC_C_LANGUAGE_STANDARD = gnu17;
				GCC_NO_COMMON_BLOCKS = YES;
				GCC_WARN_64_TO_32_BIT_CONVERSION = YES;
				GCC_WARN_ABOUT_RETURN_TYPE = YES_ERROR;
				GCC_WARN_UNDECLARED_SELECTOR = YES;
				GCC_WARN_UNINITIALIZED_AUTOS = YES_AGGRESSIVE;
				GCC_WARN_UNUSED_FUNCTION = YES;
				GCC_WARN_UNUSED_VARIABLE = YES;
				IPHONEOS_DEPLOYMENT_TARGET = 17.5;
				LOCALIZATION_PREFERS_STRING_CATALOGS = YES;
				MTL_ENABLE_DEBUG_INFO = NO;
				MTL_FAST_MATH = YES;
				SDKROOT = iphoneos;
				SWIFT_COMPILATION_MODE = wholemodule;
				VALIDATE_PRODUCT = YES;
			};
			name = Release;
		};
		9EFC90032C210BAA004DB3C2 /* Debug */ = {
			isa = XCBuildConfiguration;
			buildSettings = {
				ASSETCATALOG_COMPILER_APPICON_NAME = AppIcon;
				ASSETCATALOG_COMPILER_GLOBAL_ACCENT_COLOR_NAME = AccentColor;
				CODE_SIGN_STYLE = Automatic;
				CURRENT_PROJECT_VERSION = 1;
				DEVELOPMENT_ASSET_PATHS = "\"deepression/Preview Content\"";
				DEVELOPMENT_TEAM = DUJ2KB7PM5;
				ENABLE_PREVIEWS = YES;
				GENERATE_INFOPLIST_FILE = YES;
				INFOPLIST_FILE = deepression/Info.plist;
				INFOPLIST_KEY_NSLocationAlwaysAndWhenInUseUsageDescription = "항상 사용 설명 텍스트";
				INFOPLIST_KEY_NSLocationWhenInUseUsageDescription = "앱 사용중 사용 설명 텍스트";
				INFOPLIST_KEY_UIApplicationSceneManifest_Generation = YES;
				INFOPLIST_KEY_UIApplicationSupportsIndirectInputEvents = YES;
				INFOPLIST_KEY_UILaunchScreen_Generation = YES;
				INFOPLIST_KEY_UISupportedInterfaceOrientations_iPad = "UIInterfaceOrientationPortrait UIInterfaceOrientationPortraitUpsideDown UIInterfaceOrientationLandscapeLeft UIInterfaceOrientationLandscapeRight";
				INFOPLIST_KEY_UISupportedInterfaceOrientations_iPhone = "UIInterfaceOrientationPortrait UIInterfaceOrientationLandscapeLeft UIInterfaceOrientationLandscapeRight";
				IPHONEOS_DEPLOYMENT_TARGET = 16.4;
				LD_RUNPATH_SEARCH_PATHS = (
					"$(inherited)",
					"@executable_path/Frameworks",
				);
				MARKETING_VERSION = 1.0;
				PRODUCT_BUNDLE_IDENTIFIER = com.sbigstar.deepression;
				PRODUCT_NAME = "$(TARGET_NAME)";
				SUPPORTED_PLATFORMS = "iphoneos iphonesimulator";
				SUPPORTS_MACCATALYST = NO;
				SUPPORTS_MAC_DESIGNED_FOR_IPHONE_IPAD = NO;
				SUPPORTS_XR_DESIGNED_FOR_IPHONE_IPAD = NO;
				SWIFT_EMIT_LOC_STRINGS = YES;
				SWIFT_VERSION = 5.0;
				TARGETED_DEVICE_FAMILY = "1,2";
			};
			name = Debug;
		};
		9EFC90042C210BAA004DB3C2 /* Release */ = {
			isa = XCBuildConfiguration;
			buildSettings = {
				ASSETCATALOG_COMPILER_APPICON_NAME = AppIcon;
				ASSETCATALOG_COMPILER_GLOBAL_ACCENT_COLOR_NAME = AccentColor;
				CODE_SIGN_STYLE = Automatic;
				CURRENT_PROJECT_VERSION = 1;
				DEVELOPMENT_ASSET_PATHS = "\"deepression/Preview Content\"";
				DEVELOPMENT_TEAM = DUJ2KB7PM5;
				ENABLE_PREVIEWS = YES;
				GENERATE_INFOPLIST_FILE = YES;
				INFOPLIST_FILE = deepression/Info.plist;
				INFOPLIST_KEY_NSLocationAlwaysAndWhenInUseUsageDescription = "항상 사용 설명 텍스트";
				INFOPLIST_KEY_NSLocationWhenInUseUsageDescription = "앱 사용중 사용 설명 텍스트";
				INFOPLIST_KEY_UIApplicationSceneManifest_Generation = YES;
				INFOPLIST_KEY_UIApplicationSupportsIndirectInputEvents = YES;
				INFOPLIST_KEY_UILaunchScreen_Generation = YES;
				INFOPLIST_KEY_UISupportedInterfaceOrientations_iPad = "UIInterfaceOrientationPortrait UIInterfaceOrientationPortraitUpsideDown UIInterfaceOrientationLandscapeLeft UIInterfaceOrientationLandscapeRight";
				INFOPLIST_KEY_UISupportedInterfaceOrientations_iPhone = "UIInterfaceOrientationPortrait UIInterfaceOrientationLandscapeLeft UIInterfaceOrientationLandscapeRight";
				IPHONEOS_DEPLOYMENT_TARGET = 16.4;
				LD_RUNPATH_SEARCH_PATHS = (
					"$(inherited)",
					"@executable_path/Frameworks",
				);
				MARKETING_VERSION = 1.0;
				PRODUCT_BUNDLE_IDENTIFIER = com.sbigstar.deepression;
				PRODUCT_NAME = "$(TARGET_NAME)";
				SUPPORTED_PLATFORMS = "iphoneos iphonesimulator";
				SUPPORTS_MACCATALYST = NO;
				SUPPORTS_MAC_DESIGNED_FOR_IPHONE_IPAD = NO;
				SUPPORTS_XR_DESIGNED_FOR_IPHONE_IPAD = NO;
				SWIFT_EMIT_LOC_STRINGS = YES;
				SWIFT_VERSION = 5.0;
				TARGETED_DEVICE_FAMILY = "1,2";
			};
			name = Release;
		};
/* End XCBuildConfiguration section */

/* Begin XCConfigurationList section */
		9EFC8FEF2C210BA8004DB3C2 /* Build configuration list for PBXProject "deepression" */ = {
			isa = XCConfigurationList;
			buildConfigurations = (
				9EFC90002C210BAA004DB3C2 /* Debug */,
				9EFC90012C210BAA004DB3C2 /* Release */,
			);
			defaultConfigurationIsVisible = 0;
			defaultConfigurationName = Release;
		};
		9EFC90022C210BAA004DB3C2 /* Build configuration list for PBXNativeTarget "deepression" */ = {
			isa = XCConfigurationList;
			buildConfigurations = (
				9EFC90032C210BAA004DB3C2 /* Debug */,
				9EFC90042C210BAA004DB3C2 /* Release */,
			);
			defaultConfigurationIsVisible = 0;
			defaultConfigurationName = Release;
		};
/* End XCConfigurationList section */

/* Begin XCRemoteSwiftPackageReference section */
		9EFC90102C21621E004DB3C2 /* XCRemoteSwiftPackageReference "firebase-ios-sdk" */ = {
			isa = XCRemoteSwiftPackageReference;
			repositoryURL = "https://github.com/firebase/firebase-ios-sdk.git";
			requirement = {
				kind = upToNextMajorVersion;
				minimumVersion = 10.28.0;
			};
		};
/* End XCRemoteSwiftPackageReference section */

/* Begin XCSwiftPackageProductDependency section */
		9EFC90112C21621E004DB3C2 /* FirebaseAnalytics */ = {
			isa = XCSwiftPackageProductDependency;
			package = 9EFC90102C21621E004DB3C2 /* XCRemoteSwiftPackageReference "firebase-ios-sdk" */;
			productName = FirebaseAnalytics;
		};
		9EFC90132C21621E004DB3C2 /* FirebaseAuth */ = {
			isa = XCSwiftPackageProductDependency;
			package = 9EFC90102C21621E004DB3C2 /* XCRemoteSwiftPackageReference "firebase-ios-sdk" */;
			productName = FirebaseAuth;
		};
		9EFC90152C21621E004DB3C2 /* FirebaseDatabase */ = {
			isa = XCSwiftPackageProductDependency;
			package = 9EFC90102C21621E004DB3C2 /* XCRemoteSwiftPackageReference "firebase-ios-sdk" */;
			productName = FirebaseDatabase;
		};
/* End XCSwiftPackageProductDependency section */
	};
	rootObject = 9EFC8FEC2C210BA8004DB3C2 /* Project object */;
}
